// !$*UTF8*$!
{
	archiveVersion = 1;
	classes = {
	};
	objectVersion = 56;
	objects = {

/* Begin PBXBuildFile section */
		711C208C2B5E674200888574 /* BuildingResponse.swift in Sources */ = {isa = PBXBuildFile; fileRef = 711C208B2B5E674200888574 /* BuildingResponse.swift */; };
		711C208E2B5E681000888574 /* AuthProvider.swift in Sources */ = {isa = PBXBuildFile; fileRef = 711C208D2B5E681000888574 /* AuthProvider.swift */; };
		711C20902B5E734500888574 /* HomeViewState.swift in Sources */ = {isa = PBXBuildFile; fileRef = 711C208F2B5E734500888574 /* HomeViewState.swift */; };
		711C209F2B5E8DCB00888574 /* ReloadViewCell.swift in Sources */ = {isa = PBXBuildFile; fileRef = 711C209E2B5E8DCB00888574 /* ReloadViewCell.swift */; };
		711C20A12B5E8DD400888574 /* ReloadViewCell.xib in Resources */ = {isa = PBXBuildFile; fileRef = 711C20A02B5E8DD400888574 /* ReloadViewCell.xib */; };
		711C20A32B5FC4C300888574 /* ImagesOfTheDayProvider.swift in Sources */ = {isa = PBXBuildFile; fileRef = 711C20A22B5FC4C300888574 /* ImagesOfTheDayProvider.swift */; };
		711C20A52B5FC5ED00888574 /* UnsplashLinkGenerating.swift in Sources */ = {isa = PBXBuildFile; fileRef = 711C20A42B5FC5ED00888574 /* UnsplashLinkGenerating.swift */; };
		711C20A72B5FC73900888574 /* ImagesOfTheDayResponse.swift in Sources */ = {isa = PBXBuildFile; fileRef = 711C20A62B5FC73900888574 /* ImagesOfTheDayResponse.swift */; };
		711C20A92B5FCA8500888574 /* IdentifiableSource.swift in Sources */ = {isa = PBXBuildFile; fileRef = 711C20A82B5FCA8500888574 /* IdentifiableSource.swift */; };
		711C20AC2B5FD4B000888574 /* HomeHeaderReusableView.swift in Sources */ = {isa = PBXBuildFile; fileRef = 711C20AA2B5FD4B000888574 /* HomeHeaderReusableView.swift */; };
		711C20AD2B5FD4B000888574 /* HomeHeaderReusableView.xib in Resources */ = {isa = PBXBuildFile; fileRef = 711C20AB2B5FD4B000888574 /* HomeHeaderReusableView.xib */; };
		711C20B02B610DAF00888574 /* HomeImagesService.swift in Sources */ = {isa = PBXBuildFile; fileRef = 711C20AF2B610DAF00888574 /* HomeImagesService.swift */; };
		711C20B22B626CCA00888574 /* HomeViewStateFactory.swift in Sources */ = {isa = PBXBuildFile; fileRef = 711C20B12B626CCA00888574 /* HomeViewStateFactory.swift */; };
		711C20B42B62785600888574 /* SquareLoadingIndicator.swift in Sources */ = {isa = PBXBuildFile; fileRef = 711C20B32B62785600888574 /* SquareLoadingIndicator.swift */; };
		711C20B62B627BB800888574 /* HomeViewLayoutFactory.swift in Sources */ = {isa = PBXBuildFile; fileRef = 711C20B52B627BB800888574 /* HomeViewLayoutFactory.swift */; };
		713AAFA42B5D1DEC00622415 /* HomeView.swift in Sources */ = {isa = PBXBuildFile; fileRef = 713AAFA22B5D1DEC00622415 /* HomeView.swift */; };
		713AAFA82B5D204A00622415 /* Kingfisher in Frameworks */ = {isa = PBXBuildFile; productRef = 713AAFA72B5D204A00622415 /* Kingfisher */; };
		713AAFAB2B5D218D00622415 /* ImageViewCell.swift in Sources */ = {isa = PBXBuildFile; fileRef = 713AAFA92B5D218D00622415 /* ImageViewCell.swift */; };
		713AAFAC2B5D218D00622415 /* ImageViewCell.xib in Resources */ = {isa = PBXBuildFile; fileRef = 713AAFAA2B5D218D00622415 /* ImageViewCell.xib */; };
		713AAFAE2B5D25AD00622415 /* UIView+Extension.swift in Sources */ = {isa = PBXBuildFile; fileRef = 713AAFAD2B5D25AD00622415 /* UIView+Extension.swift */; };
		713AAFB02B5D2B2C00622415 /* UICollectionView+Extension.swift in Sources */ = {isa = PBXBuildFile; fileRef = 713AAFAF2B5D2B2C00622415 /* UICollectionView+Extension.swift */; };
		713AAFB22B5D2B9300622415 /* UnsplashImagesProvider.swift in Sources */ = {isa = PBXBuildFile; fileRef = 713AAFB12B5D2B9300622415 /* UnsplashImagesProvider.swift */; };
		71D0A8F62B5D3FC000E54989 /* BuildingImagesProvider.swift in Sources */ = {isa = PBXBuildFile; fileRef = 71D0A8F52B5D3FBF00E54989 /* BuildingImagesProvider.swift */; };
		71D0A8F82B5D50ED00E54989 /* IgnorableHashable.swift in Sources */ = {isa = PBXBuildFile; fileRef = 71D0A8F72B5D50ED00E54989 /* IgnorableHashable.swift */; };
		71D0A8FB2B5E65F900E54989 /* UnsplashImageResponse.swift in Sources */ = {isa = PBXBuildFile; fileRef = 71D0A8FA2B5E65F900E54989 /* UnsplashImageResponse.swift */; };
		71FB18B82B5A75D5008C0777 /* AppDelegate.swift in Sources */ = {isa = PBXBuildFile; fileRef = 71FB18B72B5A75D5008C0777 /* AppDelegate.swift */; };
		71FB18BA2B5A75D5008C0777 /* SceneDelegate.swift in Sources */ = {isa = PBXBuildFile; fileRef = 71FB18B92B5A75D5008C0777 /* SceneDelegate.swift */; };
		71FB18BC2B5A75D5008C0777 /* HomeViewController.swift in Sources */ = {isa = PBXBuildFile; fileRef = 71FB18BB2B5A75D5008C0777 /* HomeViewController.swift */; };
		71FB18C12B5A75D9008C0777 /* Assets.xcassets in Resources */ = {isa = PBXBuildFile; fileRef = 71FB18C02B5A75D9008C0777 /* Assets.xcassets */; };
		71FB18C42B5A75D9008C0777 /* LaunchScreen.storyboard in Resources */ = {isa = PBXBuildFile; fileRef = 71FB18C22B5A75D9008C0777 /* LaunchScreen.storyboard */; };
/* End PBXBuildFile section */

/* Begin PBXFileReference section */
		711C208B2B5E674200888574 /* BuildingResponse.swift */ = {isa = PBXFileReference; lastKnownFileType = sourcecode.swift; path = BuildingResponse.swift; sourceTree = "<group>"; };
		711C208D2B5E681000888574 /* AuthProvider.swift */ = {isa = PBXFileReference; lastKnownFileType = sourcecode.swift; path = AuthProvider.swift; sourceTree = "<group>"; };
		711C208F2B5E734500888574 /* HomeViewState.swift */ = {isa = PBXFileReference; lastKnownFileType = sourcecode.swift; path = HomeViewState.swift; sourceTree = "<group>"; };
		711C209E2B5E8DCB00888574 /* ReloadViewCell.swift */ = {isa = PBXFileReference; fileEncoding = 4; lastKnownFileType = sourcecode.swift; path = ReloadViewCell.swift; sourceTree = "<group>"; };
		711C20A02B5E8DD400888574 /* ReloadViewCell.xib */ = {isa = PBXFileReference; fileEncoding = 4; lastKnownFileType = file.xib; path = ReloadViewCell.xib; sourceTree = "<group>"; };
		711C20A22B5FC4C300888574 /* ImagesOfTheDayProvider.swift */ = {isa = PBXFileReference; lastKnownFileType = sourcecode.swift; path = ImagesOfTheDayProvider.swift; sourceTree = "<group>"; };
		711C20A42B5FC5ED00888574 /* UnsplashLinkGenerating.swift */ = {isa = PBXFileReference; lastKnownFileType = sourcecode.swift; path = UnsplashLinkGenerating.swift; sourceTree = "<group>"; };
		711C20A62B5FC73900888574 /* ImagesOfTheDayResponse.swift */ = {isa = PBXFileReference; lastKnownFileType = sourcecode.swift; path = ImagesOfTheDayResponse.swift; sourceTree = "<group>"; };
		711C20A82B5FCA8500888574 /* IdentifiableSource.swift */ = {isa = PBXFileReference; lastKnownFileType = sourcecode.swift; path = IdentifiableSource.swift; sourceTree = "<group>"; };
		711C20AA2B5FD4B000888574 /* HomeHeaderReusableView.swift */ = {isa = PBXFileReference; lastKnownFileType = sourcecode.swift; path = HomeHeaderReusableView.swift; sourceTree = "<group>"; };
		711C20AB2B5FD4B000888574 /* HomeHeaderReusableView.xib */ = {isa = PBXFileReference; lastKnownFileType = file.xib; path = HomeHeaderReusableView.xib; sourceTree = "<group>"; };
		711C20AF2B610DAF00888574 /* HomeImagesService.swift */ = {isa = PBXFileReference; lastKnownFileType = sourcecode.swift; path = HomeImagesService.swift; sourceTree = "<group>"; };
		711C20B12B626CCA00888574 /* HomeViewStateFactory.swift */ = {isa = PBXFileReference; lastKnownFileType = sourcecode.swift; path = HomeViewStateFactory.swift; sourceTree = "<group>"; };
		711C20B32B62785600888574 /* SquareLoadingIndicator.swift */ = {isa = PBXFileReference; lastKnownFileType = sourcecode.swift; path = SquareLoadingIndicator.swift; sourceTree = "<group>"; };
		711C20B52B627BB800888574 /* HomeViewLayoutFactory.swift */ = {isa = PBXFileReference; lastKnownFileType = sourcecode.swift; path = HomeViewLayoutFactory.swift; sourceTree = "<group>"; };
		713AAFA22B5D1DEC00622415 /* HomeView.swift */ = {isa = PBXFileReference; lastKnownFileType = sourcecode.swift; path = HomeView.swift; sourceTree = "<group>"; };
		713AAFA92B5D218D00622415 /* ImageViewCell.swift */ = {isa = PBXFileReference; lastKnownFileType = sourcecode.swift; path = ImageViewCell.swift; sourceTree = "<group>"; };
		713AAFAA2B5D218D00622415 /* ImageViewCell.xib */ = {isa = PBXFileReference; lastKnownFileType = file.xib; path = ImageViewCell.xib; sourceTree = "<group>"; };
		713AAFAD2B5D25AD00622415 /* UIView+Extension.swift */ = {isa = PBXFileReference; lastKnownFileType = sourcecode.swift; path = "UIView+Extension.swift"; sourceTree = "<group>"; };
		713AAFAF2B5D2B2C00622415 /* UICollectionView+Extension.swift */ = {isa = PBXFileReference; lastKnownFileType = sourcecode.swift; path = "UICollectionView+Extension.swift"; sourceTree = "<group>"; };
		713AAFB12B5D2B9300622415 /* UnsplashImagesProvider.swift */ = {isa = PBXFileReference; lastKnownFileType = sourcecode.swift; path = UnsplashImagesProvider.swift; sourceTree = "<group>"; };
		71D0A8F52B5D3FBF00E54989 /* BuildingImagesProvider.swift */ = {isa = PBXFileReference; lastKnownFileType = sourcecode.swift; path = BuildingImagesProvider.swift; sourceTree = "<group>"; };
		71D0A8F72B5D50ED00E54989 /* IgnorableHashable.swift */ = {isa = PBXFileReference; lastKnownFileType = sourcecode.swift; path = IgnorableHashable.swift; sourceTree = "<group>"; };
		71D0A8FA2B5E65F900E54989 /* UnsplashImageResponse.swift */ = {isa = PBXFileReference; lastKnownFileType = sourcecode.swift; path = UnsplashImageResponse.swift; sourceTree = "<group>"; };
		71FB18B42B5A75D5008C0777 /* MVC Example.app */ = {isa = PBXFileReference; explicitFileType = wrapper.application; includeInIndex = 0; path = "MVC Example.app"; sourceTree = BUILT_PRODUCTS_DIR; };
		71FB18B72B5A75D5008C0777 /* AppDelegate.swift */ = {isa = PBXFileReference; lastKnownFileType = sourcecode.swift; path = AppDelegate.swift; sourceTree = "<group>"; };
		71FB18B92B5A75D5008C0777 /* SceneDelegate.swift */ = {isa = PBXFileReference; lastKnownFileType = sourcecode.swift; path = SceneDelegate.swift; sourceTree = "<group>"; };
		71FB18BB2B5A75D5008C0777 /* HomeViewController.swift */ = {isa = PBXFileReference; lastKnownFileType = sourcecode.swift; path = HomeViewController.swift; sourceTree = "<group>"; };
		71FB18C02B5A75D9008C0777 /* Assets.xcassets */ = {isa = PBXFileReference; lastKnownFileType = folder.assetcatalog; path = Assets.xcassets; sourceTree = "<group>"; };
		71FB18C32B5A75D9008C0777 /* Base */ = {isa = PBXFileReference; lastKnownFileType = file.storyboard; name = Base; path = Base.lproj/LaunchScreen.storyboard; sourceTree = "<group>"; };
		71FB18C52B5A75D9008C0777 /* Info.plist */ = {isa = PBXFileReference; lastKnownFileType = text.plist.xml; path = Info.plist; sourceTree = "<group>"; };
/* End PBXFileReference section */

/* Begin PBXFrameworksBuildPhase section */
		71FB18B12B5A75D5008C0777 /* Frameworks */ = {
			isa = PBXFrameworksBuildPhase;
			buildActionMask = 2147483647;
			files = (
				713AAFA82B5D204A00622415 /* Kingfisher in Frameworks */,
			);
			runOnlyForDeploymentPostprocessing = 0;
		};
/* End PBXFrameworksBuildPhase section */

/* Begin PBXGroup section */
		711C20992B5E8D5600888574 /* Views */ = {
			isa = PBXGroup;
			children = (
				711C209B2B5E8D6400888574 /* ReloadViewCell */,
				711C209A2B5E8D5C00888574 /* ImageViewCell */,
				711C20AE2B5FD4B500888574 /* HomeHeaderReusableView */,
				713AAFA22B5D1DEC00622415 /* HomeView.swift */,
				711C20B32B62785600888574 /* SquareLoadingIndicator.swift */,
				711C20B52B627BB800888574 /* HomeViewLayoutFactory.swift */,
			);
			path = Views;
			sourceTree = "<group>";
		};
		711C209A2B5E8D5C00888574 /* ImageViewCell */ = {
			isa = PBXGroup;
			children = (
				713AAFA92B5D218D00622415 /* ImageViewCell.swift */,
				713AAFAA2B5D218D00622415 /* ImageViewCell.xib */,
			);
			path = ImageViewCell;
			sourceTree = "<group>";
		};
		711C209B2B5E8D6400888574 /* ReloadViewCell */ = {
			isa = PBXGroup;
			children = (
				711C209E2B5E8DCB00888574 /* ReloadViewCell.swift */,
				711C20A02B5E8DD400888574 /* ReloadViewCell.xib */,
			);
			path = ReloadViewCell;
			sourceTree = "<group>";
		};
		711C20AE2B5FD4B500888574 /* HomeHeaderReusableView */ = {
			isa = PBXGroup;
			children = (
				711C20AA2B5FD4B000888574 /* HomeHeaderReusableView.swift */,
				711C20AB2B5FD4B000888574 /* HomeHeaderReusableView.xib */,
			);
			path = HomeHeaderReusableView;
			sourceTree = "<group>";
		};
		713AAFB32B5D374900622415 /* Services */ = {
			isa = PBXGroup;
			children = (
				71D0A8F92B5E65D300E54989 /* Models */,
				711C20A22B5FC4C300888574 /* ImagesOfTheDayProvider.swift */,
				713AAFB12B5D2B9300622415 /* UnsplashImagesProvider.swift */,
				71D0A8F52B5D3FBF00E54989 /* BuildingImagesProvider.swift */,
				711C208D2B5E681000888574 /* AuthProvider.swift */,
				711C20A42B5FC5ED00888574 /* UnsplashLinkGenerating.swift */,
			);
			path = Services;
			sourceTree = "<group>";
		};
		713AAFB42B5D375200622415 /* Home */ = {
			isa = PBXGroup;
			children = (
				711C20992B5E8D5600888574 /* Views */,
				711C20AF2B610DAF00888574 /* HomeImagesService.swift */,
				71FB18BB2B5A75D5008C0777 /* HomeViewController.swift */,
				711C20B12B626CCA00888574 /* HomeViewStateFactory.swift */,
				711C208F2B5E734500888574 /* HomeViewState.swift */,
				711C20A82B5FCA8500888574 /* IdentifiableSource.swift */,
			);
			path = Home;
			sourceTree = "<group>";
		};
		713AAFB52B5D377000622415 /* Extensions */ = {
			isa = PBXGroup;
			children = (
				713AAFAD2B5D25AD00622415 /* UIView+Extension.swift */,
				713AAFAF2B5D2B2C00622415 /* UICollectionView+Extension.swift */,
				71D0A8F72B5D50ED00E54989 /* IgnorableHashable.swift */,
			);
			path = Extensions;
			sourceTree = "<group>";
		};
		71D0A8F92B5E65D300E54989 /* Models */ = {
			isa = PBXGroup;
			children = (
				71D0A8FA2B5E65F900E54989 /* UnsplashImageResponse.swift */,
				711C208B2B5E674200888574 /* BuildingResponse.swift */,
				711C20A62B5FC73900888574 /* ImagesOfTheDayResponse.swift */,
			);
			path = Models;
			sourceTree = "<group>";
		};
		71FB18AB2B5A75D5008C0777 = {
			isa = PBXGroup;
			children = (
				71FB18B62B5A75D5008C0777 /* MVC Example */,
				71FB18B52B5A75D5008C0777 /* Products */,
			);
			sourceTree = "<group>";
		};
		71FB18B52B5A75D5008C0777 /* Products */ = {
			isa = PBXGroup;
			children = (
				71FB18B42B5A75D5008C0777 /* MVC Example.app */,
			);
			name = Products;
			sourceTree = "<group>";
		};
		71FB18B62B5A75D5008C0777 /* MVC Example */ = {
			isa = PBXGroup;
			children = (
				71FB18B72B5A75D5008C0777 /* AppDelegate.swift */,
				71FB18B92B5A75D5008C0777 /* SceneDelegate.swift */,
				713AAFB32B5D374900622415 /* Services */,
				713AAFB42B5D375200622415 /* Home */,
				713AAFB52B5D377000622415 /* Extensions */,
				71FB18C02B5A75D9008C0777 /* Assets.xcassets */,
				71FB18C22B5A75D9008C0777 /* LaunchScreen.storyboard */,
				71FB18C52B5A75D9008C0777 /* Info.plist */,
			);
			path = "MVC Example";
			sourceTree = "<group>";
		};
/* End PBXGroup section */

/* Begin PBXNativeTarget section */
		71FB18B32B5A75D5008C0777 /* MVC Example */ = {
			isa = PBXNativeTarget;
			buildConfigurationList = 71FB18C82B5A75D9008C0777 /* Build configuration list for PBXNativeTarget "MVC Example" */;
			buildPhases = (
				71FB18B02B5A75D5008C0777 /* Sources */,
				71FB18B12B5A75D5008C0777 /* Frameworks */,
				71FB18B22B5A75D5008C0777 /* Resources */,
			);
			buildRules = (
			);
			dependencies = (
			);
			name = "MVC Example";
			packageProductDependencies = (
				713AAFA72B5D204A00622415 /* Kingfisher */,
			);
			productName = "MVC Example";
			productReference = 71FB18B42B5A75D5008C0777 /* MVC Example.app */;
			productType = "com.apple.product-type.application";
		};
/* End PBXNativeTarget section */

/* Begin PBXProject section */
		71FB18AC2B5A75D5008C0777 /* Project object */ = {
			isa = PBXProject;
			attributes = {
				BuildIndependentTargetsInParallel = 1;
				LastSwiftUpdateCheck = 1500;
				LastUpgradeCheck = 1500;
				TargetAttributes = {
					71FB18B32B5A75D5008C0777 = {
						CreatedOnToolsVersion = 15.0;
					};
				};
			};
			buildConfigurationList = 71FB18AF2B5A75D5008C0777 /* Build configuration list for PBXProject "MVC Example" */;
			compatibilityVersion = "Xcode 14.0";
			developmentRegion = en;
			hasScannedForEncodings = 0;
			knownRegions = (
				en,
				Base,
			);
			mainGroup = 71FB18AB2B5A75D5008C0777;
			packageReferences = (
				713AAFA62B5D204A00622415 /* XCRemoteSwiftPackageReference "Kingfisher" */,
			);
			productRefGroup = 71FB18B52B5A75D5008C0777 /* Products */;
			projectDirPath = "";
			projectRoot = "";
			targets = (
				71FB18B32B5A75D5008C0777 /* MVC Example */,
			);
		};
/* End PBXProject section */

/* Begin PBXResourcesBuildPhase section */
		71FB18B22B5A75D5008C0777 /* Resources */ = {
			isa = PBXResourcesBuildPhase;
			buildActionMask = 2147483647;
			files = (
				713AAFAC2B5D218D00622415 /* ImageViewCell.xib in Resources */,
				711C20A12B5E8DD400888574 /* ReloadViewCell.xib in Resources */,
				711C20AD2B5FD4B000888574 /* HomeHeaderReusableView.xib in Resources */,
				71FB18C42B5A75D9008C0777 /* LaunchScreen.storyboard in Resources */,
				71FB18C12B5A75D9008C0777 /* Assets.xcassets in Resources */,
			);
			runOnlyForDeploymentPostprocessing = 0;
		};
/* End PBXResourcesBuildPhase section */

/* Begin PBXSourcesBuildPhase section */
		71FB18B02B5A75D5008C0777 /* Sources */ = {
			isa = PBXSourcesBuildPhase;
			buildActionMask = 2147483647;
			files = (
				711C20B62B627BB800888574 /* HomeViewLayoutFactory.swift in Sources */,
				711C20B22B626CCA00888574 /* HomeViewStateFactory.swift in Sources */,
				711C20A92B5FCA8500888574 /* IdentifiableSource.swift in Sources */,
				713AAFAE2B5D25AD00622415 /* UIView+Extension.swift in Sources */,
				711C20A52B5FC5ED00888574 /* UnsplashLinkGenerating.swift in Sources */,
				711C209F2B5E8DCB00888574 /* ReloadViewCell.swift in Sources */,
				713AAFB02B5D2B2C00622415 /* UICollectionView+Extension.swift in Sources */,
				71FB18BC2B5A75D5008C0777 /* HomeViewController.swift in Sources */,
				711C20B42B62785600888574 /* SquareLoadingIndicator.swift in Sources */,
				711C20902B5E734500888574 /* HomeViewState.swift in Sources */,
				71D0A8F82B5D50ED00E54989 /* IgnorableHashable.swift in Sources */,
				711C20A32B5FC4C300888574 /* ImagesOfTheDayProvider.swift in Sources */,
				713AAFA42B5D1DEC00622415 /* HomeView.swift in Sources */,
				711C208E2B5E681000888574 /* AuthProvider.swift in Sources */,
				711C208C2B5E674200888574 /* BuildingResponse.swift in Sources */,
				71D0A8F62B5D3FC000E54989 /* BuildingImagesProvider.swift in Sources */,
				71FB18B82B5A75D5008C0777 /* AppDelegate.swift in Sources */,
				713AAFAB2B5D218D00622415 /* ImageViewCell.swift in Sources */,
				71D0A8FB2B5E65F900E54989 /* UnsplashImageResponse.swift in Sources */,
				711C20B02B610DAF00888574 /* HomeImagesService.swift in Sources */,
				71FB18BA2B5A75D5008C0777 /* SceneDelegate.swift in Sources */,
				713AAFB22B5D2B9300622415 /* UnsplashImagesProvider.swift in Sources */,
				711C20A72B5FC73900888574 /* ImagesOfTheDayResponse.swift in Sources */,
				711C20AC2B5FD4B000888574 /* HomeHeaderReusableView.swift in Sources */,
			);
			runOnlyForDeploymentPostprocessing = 0;
		};
/* End PBXSourcesBuildPhase section */

/* Begin PBXVariantGroup section */
		71FB18C22B5A75D9008C0777 /* LaunchScreen.storyboard */ = {
			isa = PBXVariantGroup;
			children = (
				71FB18C32B5A75D9008C0777 /* Base */,
			);
			name = LaunchScreen.storyboard;
			sourceTree = "<group>";
		};
/* End PBXVariantGroup section */

/* Begin XCBuildConfiguration section */
		71FB18C62B5A75D9008C0777 /* Debug */ = {
			isa = XCBuildConfiguration;
			buildSettings = {
				ALWAYS_SEARCH_USER_PATHS = NO;
				ASSETCATALOG_COMPILER_GENERATE_SWIFT_ASSET_SYMBOL_EXTENSIONS = YES;
				CLANG_ANALYZER_NONNULL = YES;
				CLANG_ANALYZER_NUMBER_OBJECT_CONVERSION = YES_AGGRESSIVE;
				CLANG_CXX_LANGUAGE_STANDARD = "gnu++20";
				CLANG_ENABLE_MODULES = YES;
				CLANG_ENABLE_OBJC_ARC = YES;
				CLANG_ENABLE_OBJC_WEAK = YES;
				CLANG_WARN_BLOCK_CAPTURE_AUTORELEASING = YES;
				CLANG_WARN_BOOL_CONVERSION = YES;
				CLANG_WARN_COMMA = YES;
				CLANG_WARN_CONSTANT_CONVERSION = YES;
				CLANG_WARN_DEPRECATED_OBJC_IMPLEMENTATIONS = YES;
				CLANG_WARN_DIRECT_OBJC_ISA_USAGE = YES_ERROR;
				CLANG_WARN_DOCUMENTATION_COMMENTS = YES;
				CLANG_WARN_EMPTY_BODY = YES;
				CLANG_WARN_ENUM_CONVERSION = YES;
				CLANG_WARN_INFINITE_RECURSION = YES;
				CLANG_WARN_INT_CONVERSION = YES;
				CLANG_WARN_NON_LITERAL_NULL_CONVERSION = YES;
				CLANG_WARN_OBJC_IMPLICIT_RETAIN_SELF = YES;
				CLANG_WARN_OBJC_LITERAL_CONVERSION = YES;
				CLANG_WARN_OBJC_ROOT_CLASS = YES_ERROR;
				CLANG_WARN_QUOTED_INCLUDE_IN_FRAMEWORK_HEADER = YES;
				CLANG_WARN_RANGE_LOOP_ANALYSIS = YES;
				CLANG_WARN_STRICT_PROTOTYPES = YES;
				CLANG_WARN_SUSPICIOUS_MOVE = YES;
				CLANG_WARN_UNGUARDED_AVAILABILITY = YES_AGGRESSIVE;
				CLANG_WARN_UNREACHABLE_CODE = YES;
				CLANG_WARN__DUPLICATE_METHOD_MATCH = YES;
				COPY_PHASE_STRIP = NO;
				DEBUG_INFORMATION_FORMAT = dwarf;
				ENABLE_STRICT_OBJC_MSGSEND = YES;
				ENABLE_TESTABILITY = YES;
				ENABLE_USER_SCRIPT_SANDBOXING = YES;
				GCC_C_LANGUAGE_STANDARD = gnu17;
				GCC_DYNAMIC_NO_PIC = NO;
				GCC_NO_COMMON_BLOCKS = YES;
				GCC_OPTIMIZATION_LEVEL = 0;
				GCC_PREPROCESSOR_DEFINITIONS = (
					"DEBUG=1",
					"$(inherited)",
				);
				GCC_WARN_64_TO_32_BIT_CONVERSION = YES;
				GCC_WARN_ABOUT_RETURN_TYPE = YES_ERROR;
				GCC_WARN_UNDECLARED_SELECTOR = YES;
				GCC_WARN_UNINITIALIZED_AUTOS = YES_AGGRESSIVE;
				GCC_WARN_UNUSED_FUNCTION = YES;
				GCC_WARN_UNUSED_VARIABLE = YES;
				IPHONEOS_DEPLOYMENT_TARGET = 17.0;
				LOCALIZATION_PREFERS_STRING_CATALOGS = YES;
				MTL_ENABLE_DEBUG_INFO = INCLUDE_SOURCE;
				MTL_FAST_MATH = YES;
				ONLY_ACTIVE_ARCH = YES;
				SDKROOT = iphoneos;
				SWIFT_ACTIVE_COMPILATION_CONDITIONS = "DEBUG $(inherited)";
				SWIFT_OPTIMIZATION_LEVEL = "-Onone";
			};
			name = Debug;
		};
		71FB18C72B5A75D9008C0777 /* Release */ = {
			isa = XCBuildConfiguration;
			buildSettings = {
				ALWAYS_SEARCH_USER_PATHS = NO;
				ASSETCATALOG_COMPILER_GENERATE_SWIFT_ASSET_SYMBOL_EXTENSIONS = YES;
				CLANG_ANALYZER_NONNULL = YES;
				CLANG_ANALYZER_NUMBER_OBJECT_CONVERSION = YES_AGGRESSIVE;
				CLANG_CXX_LANGUAGE_STANDARD = "gnu++20";
				CLANG_ENABLE_MODULES = YES;
				CLANG_ENABLE_OBJC_ARC = YES;
				CLANG_ENABLE_OBJC_WEAK = YES;
				CLANG_WARN_BLOCK_CAPTURE_AUTORELEASING = YES;
				CLANG_WARN_BOOL_CONVERSION = YES;
				CLANG_WARN_COMMA = YES;
				CLANG_WARN_CONSTANT_CONVERSION = YES;
				CLANG_WARN_DEPRECATED_OBJC_IMPLEMENTATIONS = YES;
				CLANG_WARN_DIRECT_OBJC_ISA_USAGE = YES_ERROR;
				CLANG_WARN_DOCUMENTATION_COMMENTS = YES;
				CLANG_WARN_EMPTY_BODY = YES;
				CLANG_WARN_ENUM_CONVERSION = YES;
				CLANG_WARN_INFINITE_RECURSION = YES;
				CLANG_WARN_INT_CONVERSION = YES;
				CLANG_WARN_NON_LITERAL_NULL_CONVERSION = YES;
				CLANG_WARN_OBJC_IMPLICIT_RETAIN_SELF = YES;
				CLANG_WARN_OBJC_LITERAL_CONVERSION = YES;
				CLANG_WARN_OBJC_ROOT_CLASS = YES_ERROR;
				CLANG_WARN_QUOTED_INCLUDE_IN_FRAMEWORK_HEADER = YES;
				CLANG_WARN_RANGE_LOOP_ANALYSIS = YES;
				CLANG_WARN_STRICT_PROTOTYPES = YES;
				CLANG_WARN_SUSPICIOUS_MOVE = YES;
				CLANG_WARN_UNGUARDED_AVAILABILITY = YES_AGGRESSIVE;
				CLANG_WARN_UNREACHABLE_CODE = YES;
				CLANG_WARN__DUPLICATE_METHOD_MATCH = YES;
				COPY_PHASE_STRIP = NO;
				DEBUG_INFORMATION_FORMAT = "dwarf-with-dsym";
				ENABLE_NS_ASSERTIONS = NO;
				ENABLE_STRICT_OBJC_MSGSEND = YES;
				ENABLE_USER_SCRIPT_SANDBOXING = YES;
				GCC_C_LANGUAGE_STANDARD = gnu17;
				GCC_NO_COMMON_BLOCKS = YES;
				GCC_WARN_64_TO_32_BIT_CONVERSION = YES;
				GCC_WARN_ABOUT_RETURN_TYPE = YES_ERROR;
				GCC_WARN_UNDECLARED_SELECTOR = YES;
				GCC_WARN_UNINITIALIZED_AUTOS = YES_AGGRESSIVE;
				GCC_WARN_UNUSED_FUNCTION = YES;
				GCC_WARN_UNUSED_VARIABLE = YES;
				IPHONEOS_DEPLOYMENT_TARGET = 17.0;
				LOCALIZATION_PREFERS_STRING_CATALOGS = YES;
				MTL_ENABLE_DEBUG_INFO = NO;
				MTL_FAST_MATH = YES;
				SDKROOT = iphoneos;
				SWIFT_COMPILATION_MODE = wholemodule;
				VALIDATE_PRODUCT = YES;
			};
			name = Release;
		};
		71FB18C92B5A75D9008C0777 /* Debug */ = {
			isa = XCBuildConfiguration;
			buildSettings = {
				ASSETCATALOG_COMPILER_APPICON_NAME = AppIcon;
				ASSETCATALOG_COMPILER_GLOBAL_ACCENT_COLOR_NAME = AccentColor;
				CODE_SIGN_STYLE = Automatic;
				CURRENT_PROJECT_VERSION = 1;
				GENERATE_INFOPLIST_FILE = YES;
				INFOPLIST_FILE = "MVC Example/Info.plist";
				INFOPLIST_KEY_UIApplicationSupportsIndirectInputEvents = YES;
				INFOPLIST_KEY_UILaunchStoryboardName = LaunchScreen;
				INFOPLIST_KEY_UISupportedInterfaceOrientations_iPad = "UIInterfaceOrientationPortrait UIInterfaceOrientationPortraitUpsideDown UIInterfaceOrientationLandscapeLeft UIInterfaceOrientationLandscapeRight";
				INFOPLIST_KEY_UISupportedInterfaceOrientations_iPhone = "UIInterfaceOrientationPortrait UIInterfaceOrientationLandscapeLeft UIInterfaceOrientationLandscapeRight";
				LD_RUNPATH_SEARCH_PATHS = (
					"$(inherited)",
					"@executable_path/Frameworks",
				);
				MARKETING_VERSION = 1.0;
				PRODUCT_BUNDLE_IDENTIFIER = "com.example.MVC-Example";
				PRODUCT_NAME = "$(TARGET_NAME)";
				SWIFT_EMIT_LOC_STRINGS = YES;
				SWIFT_VERSION = 5.0;
				TARGETED_DEVICE_FAMILY = "1,2";
			};
			name = Debug;
		};
		71FB18CA2B5A75D9008C0777 /* Release */ = {
			isa = XCBuildConfiguration;
			buildSettings = {
				ASSETCATALOG_COMPILER_APPICON_NAME = AppIcon;
				ASSETCATALOG_COMPILER_GLOBAL_ACCENT_COLOR_NAME = AccentColor;
				CODE_SIGN_STYLE = Automatic;
				CURRENT_PROJECT_VERSION = 1;
				GENERATE_INFOPLIST_FILE = YES;
				INFOPLIST_FILE = "MVC Example/Info.plist";
				INFOPLIST_KEY_UIApplicationSupportsIndirectInputEvents = YES;
				INFOPLIST_KEY_UILaunchStoryboardName = LaunchScreen;
				INFOPLIST_KEY_UISupportedInterfaceOrientations_iPad = "UIInterfaceOrientationPortrait UIInterfaceOrientationPortraitUpsideDown UIInterfaceOrientationLandscapeLeft UIInterfaceOrientationLandscapeRight";
				INFOPLIST_KEY_UISupportedInterfaceOrientations_iPhone = "UIInterfaceOrientationPortrait UIInterfaceOrientationLandscapeLeft UIInterfaceOrientationLandscapeRight";
				LD_RUNPATH_SEARCH_PATHS = (
					"$(inherited)",
					"@executable_path/Frameworks",
				);
				MARKETING_VERSION = 1.0;
				PRODUCT_BUNDLE_IDENTIFIER = "com.example.MVC-Example";
				PRODUCT_NAME = "$(TARGET_NAME)";
				SWIFT_EMIT_LOC_STRINGS = YES;
				SWIFT_VERSION = 5.0;
				TARGETED_DEVICE_FAMILY = "1,2";
			};
			name = Release;
		};
/* End XCBuildConfiguration section */

/* Begin XCConfigurationList section */
		71FB18AF2B5A75D5008C0777 /* Build configuration list for PBXProject "MVC Example" */ = {
			isa = XCConfigurationList;
			buildConfigurations = (
				71FB18C62B5A75D9008C0777 /* Debug */,
				71FB18C72B5A75D9008C0777 /* Release */,
			);
			defaultConfigurationIsVisible = 0;
			defaultConfigurationName = Release;
		};
		71FB18C82B5A75D9008C0777 /* Build configuration list for PBXNativeTarget "MVC Example" */ = {
			isa = XCConfigurationList;
			buildConfigurations = (
				71FB18C92B5A75D9008C0777 /* Debug */,
				71FB18CA2B5A75D9008C0777 /* Release */,
			);
			defaultConfigurationIsVisible = 0;
			defaultConfigurationName = Release;
		};
/* End XCConfigurationList section */

/* Begin XCRemoteSwiftPackageReference section */
		713AAFA62B5D204A00622415 /* XCRemoteSwiftPackageReference "Kingfisher" */ = {
			isa = XCRemoteSwiftPackageReference;
			repositoryURL = "https://github.com/onevcat/Kingfisher";
			requirement = {
				kind = exactVersion;
				version = 7.10.2;
			};
		};
/* End XCRemoteSwiftPackageReference section */

/* Begin XCSwiftPackageProductDependency section */
		713AAFA72B5D204A00622415 /* Kingfisher */ = {
			isa = XCSwiftPackageProductDependency;
			package = 713AAFA62B5D204A00622415 /* XCRemoteSwiftPackageReference "Kingfisher" */;
			productName = Kingfisher;
		};
/* End XCSwiftPackageProductDependency section */
	};
	rootObject = 71FB18AC2B5A75D5008C0777 /* Project object */;
}
